
Microsoft Visual Studio Solution File, Format Version 12.00
# Visual Studio Version 17
VisualStudioVersion = 17.8.34525.116
MinimumVisualStudioVersion = 10.0.40219.1
Project("{FAE04EC0-301F-11D3-BF4B-00C04F79EFBC}") = "CRUDempleados", "CRUDempleados.csproj", "{115F9A5B-78C9-4CD8-BA2D-0846398835E8}"
EndProject
Global
	GlobalSection(SolutionConfigurationPlatforms) = preSolution
		Debug|Any CPU = Debug|Any CPU
		Release|Any CPU = Release|Any CPU
	EndGlobalSection
	GlobalSection(ProjectConfigurationPlatforms) = postSolution
		{115F9A5B-78C9-4CD8-BA2D-0846398835E8}.Debug|Any CPU.ActiveCfg = Debug|Any CPU
		{115F9A5B-78C9-4CD8-BA2D-0846398835E8}.Debug|Any CPU.Build.0 = Debug|Any CPU
		{115F9A5B-78C9-4CD8-BA2D-0846398835E8}.Release|Any CPU.ActiveCfg = Release|Any CPU
		{115F9A5B-78C9-4CD8-BA2D-0846398835E8}.Release|Any CPU.Build.0 = Release|Any CPU
	EndGlobalSection
	GlobalSection(SolutionProperties) = preSolution
		HideSolutionNode = FALSE
	EndGlobalSection
	GlobalSection(ExtensibilityGlobals) = postSolution
		SolutionGuid = {658A3FA6-E62F-42A6-87FE-46C20A53E79B}
	EndGlobalSection
EndGlobal
